# This file is generated by running "yarn install" inside your project.
# Manual changes might be lost - proceed with caution!

__metadata:
  version: 8
  cacheKey: 10

"@next/env@npm:14.0.3":
  version: 14.0.3
  resolution: "@next/env@npm:14.0.3"
  checksum: b8851703df91c47c24d5923ac30b27758154fb25e45e91fe788759959d0123e792050ab6d868504ecad629f3fb1e27eb9c80ce6705a77420e2606f6b9272e277
  languageName: node
  linkType: hard

"@next/swc-darwin-arm64@npm:14.0.3":
  version: 14.0.3
  resolution: "@next/swc-darwin-arm64@npm:14.0.3"
  conditions: os=darwin & cpu=arm64
  languageName: node
  linkType: hard

"@next/swc-darwin-x64@npm:14.0.3":
  version: 14.0.3
  resolution: "@next/swc-darwin-x64@npm:14.0.3"
  conditions: os=darwin & cpu=x64
  languageName: node
  linkType: hard

"@next/swc-linux-arm64-gnu@npm:14.0.3":
  version: 14.0.3
  resolution: "@next/swc-linux-arm64-gnu@npm:14.0.3"
  conditions: os=linux & cpu=arm64 & libc=glibc
  languageName: node
  linkType: hard

"@next/swc-linux-arm64-musl@npm:14.0.3":
  version: 14.0.3
  resolution: "@next/swc-linux-arm64-musl@npm:14.0.3"
  conditions: os=linux & cpu=arm64 & libc=musl
  languageName: node
  linkType: hard

"@next/swc-linux-x64-gnu@npm:14.0.3":
  version: 14.0.3
  resolution: "@next/swc-linux-x64-gnu@npm:14.0.3"
  conditions: os=linux & cpu=x64 & libc=glibc
  languageName: node
  linkType: hard

"@next/swc-linux-x64-musl@npm:14.0.3":
  version: 14.0.3
  resolution: "@next/swc-linux-x64-musl@npm:14.0.3"
  conditions: os=linux & cpu=x64 & libc=musl
  languageName: node
  linkType: hard

"@next/swc-win32-arm64-msvc@npm:14.0.3":
  version: 14.0.3
  resolution: "@next/swc-win32-arm64-msvc@npm:14.0.3"
  conditions: os=win32 & cpu=arm64
  languageName: node
  linkType: hard

"@next/swc-win32-ia32-msvc@npm:14.0.3":
  version: 14.0.3
  resolution: "@next/swc-win32-ia32-msvc@npm:14.0.3"
  conditions: os=win32 & cpu=ia32
  languageName: node
  linkType: hard

"@next/swc-win32-x64-msvc@npm:14.0.3":
  version: 14.0.3
  resolution: "@next/swc-win32-x64-msvc@npm:14.0.3"
  conditions: os=win32 & cpu=x64
  languageName: node
  linkType: hard

"@swc/helpers@npm:0.5.2":
  version: 0.5.2
  resolution: "@swc/helpers@npm:0.5.2"
  dependencies:
    tslib: "npm:^2.4.0"
  checksum: 3a3b179b3369acd26c5da89a0e779c756ae5231eb18a5507524c7abf955f488d34d86649f5b8417a0e19879688470d06319f5cfca2273d6d6b2046950e0d79af
  languageName: node
  linkType: hard

"@types/debug@npm:^4.0.0":
  version: 4.1.9
  resolution: "@types/debug@npm:4.1.9"
  dependencies:
    "@types/ms": "npm:*"
  checksum: e88ee8b19d106f33eb0d3bc58bacff9702e98d821fd1ebd1de8942e6b97419e19a1ccf39370f1764a1dc66f79fd4619f3412e1be6eeb9f0b76412f5ffe4ead93
  languageName: node
  linkType: hard

"@types/hast@npm:^3.0.0":
  version: 3.0.1
  resolution: "@types/hast@npm:3.0.1"
  dependencies:
    "@types/unist": "npm:*"
  checksum: 44f9d701be1b2294911feb79580d48f7b5f6365fd173273aa9cbfc29054363eb2724edffa50ee515b4cb9d33d94f70fa0b97e7103609cb6bc3c1d9b41aa2f953
  languageName: node
  linkType: hard

"@types/js-yaml@npm:^4.0.9":
  version: 4.0.9
  resolution: "@types/js-yaml@npm:4.0.9"
  checksum: a0ce595db8a987904badd21fc50f9f444cb73069f4b95a76cc222e0a17b3ff180669059c763ec314bc4c3ce284379177a9da80e83c5f650c6c1310cafbfaa8e6
  languageName: node
  linkType: hard

"@types/mdast@npm:^4.0.0":
  version: 4.0.1
  resolution: "@types/mdast@npm:4.0.1"
  dependencies:
    "@types/unist": "npm:*"
  checksum: 0dca3444b1dd2766595231b2d83252049f81525884640051c52cdbee5d273d11ec0217a391b0a025adb902f26a90f4e09eb2bc4c445460c0c7b047fae4d9f3ce
  languageName: node
  linkType: hard

"@types/ms@npm:*":
  version: 0.7.32
  resolution: "@types/ms@npm:0.7.32"
  checksum: 610744605c5924aa2657c8a62d307052af4f0e38e2aa015f154ef03391fabb4fd903f9c9baacb41f6e5798b8697e898463c351e5faf638738603ed29137b5254
  languageName: node
  linkType: hard

"@types/node@npm:^20.9.1":
  version: 20.9.1
  resolution: "@types/node@npm:20.9.1"
  dependencies:
    undici-types: "npm:~5.26.4"
  checksum: b2b3f9ee31db63ccd3d48e5597d359c3385879679f37a749e473b47068aae181d0e280f39f153d75ce704640b3ec09d029aecd2a686e5658fb866254dc7e781b
  languageName: node
  linkType: hard

"@types/prop-types@npm:*":
  version: 15.7.8
  resolution: "@types/prop-types@npm:15.7.8"
  checksum: 61dfad79da8b1081c450bab83b77935df487ae1cdd4660ec7df6be8e74725c15fa45cf486ce057addc956ca4ae78300b97091e2a25061133d1b9a1440bc896ae
  languageName: node
  linkType: hard

"@types/react-dom@npm:^18.2.15":
  version: 18.2.15
  resolution: "@types/react-dom@npm:18.2.15"
  dependencies:
    "@types/react": "npm:*"
  checksum: 57ea7e9e210d95fa18fde82fc585cb6252c9118c8793a38b37b07ccbba05d09d14f88cf76af46eecda41c430b4400f789a4bbc505eec459a15cbaf13f56f887a
  languageName: node
  linkType: hard

"@types/react@npm:*":
  version: 18.2.24
  resolution: "@types/react@npm:18.2.24"
  dependencies:
    "@types/prop-types": "npm:*"
    "@types/scheduler": "npm:*"
    csstype: "npm:^3.0.2"
  checksum: 4a3d63c07c9a5e7a32a66078f849c9f9dc8aa9ef14219812edbb822e9ac095a51fbd373b07ca805a2501036163202e82f9d3912f39d5104d3982ee3936911595
  languageName: node
  linkType: hard

"@types/react@npm:^18.2.37":
  version: 18.2.37
  resolution: "@types/react@npm:18.2.37"
  dependencies:
    "@types/prop-types": "npm:*"
    "@types/scheduler": "npm:*"
    csstype: "npm:^3.0.2"
  checksum: fab3a5960e710aad6c16ffe57f48a470c6bbbe9e6363f70accf114191ea3192a204e33b5657324f14e64b2095986327db6b728fc15156e05f7d30b6dca0d66a3
  languageName: node
  linkType: hard

"@types/scheduler@npm:*":
  version: 0.16.4
  resolution: "@types/scheduler@npm:0.16.4"
  checksum: a57b0f10da1b021e6bd5eeef8a1917dd3b08a8715bd8029e2ded2096d8f091bb1bb1fef2d66e139588a983c4bfbad29b59e48011141725fa83c76e986e1257d7
  languageName: node
  linkType: hard

"@types/unist@npm:*, @types/unist@npm:^3.0.0":
  version: 3.0.0
  resolution: "@types/unist@npm:3.0.0"
  checksum: e9d21a8fb5e332be0acef29192d82632875b2ef3e700f1bc64fdfc1520189542de85c3d4f3bcfbc2f4afdb210f4c23f68061f3fbf10744e920d4f18430d19f49
  languageName: node
  linkType: hard

"@ungap/structured-clone@npm:^1.0.0, @ungap/structured-clone@npm:^1.2.0":
  version: 1.2.0
  resolution: "@ungap/structured-clone@npm:1.2.0"
  checksum: c6fe89a505e513a7592e1438280db1c075764793a2397877ff1351721fe8792a966a5359769e30242b3cd023f2efb9e63ca2ca88019d73b564488cc20e3eab12
  languageName: node
  linkType: hard

"argparse@npm:^1.0.7":
  version: 1.0.10
  resolution: "argparse@npm:1.0.10"
  dependencies:
    sprintf-js: "npm:~1.0.2"
  checksum: c6a621343a553ff3779390bb5ee9c2263d6643ebcd7843227bdde6cc7adbed796eb5540ca98db19e3fd7b4714e1faa51551f8849b268bb62df27ddb15cbcd91e
  languageName: node
  linkType: hard

"argparse@npm:^2.0.1":
  version: 2.0.1
  resolution: "argparse@npm:2.0.1"
  checksum: 18640244e641a417ec75a9bd38b0b2b6b95af5199aa241b131d4b2fb206f334d7ecc600bd194861610a5579084978bfcbb02baa399dbe442d56d0ae5e60dbaef
  languageName: node
  linkType: hard

"bail@npm:^2.0.0":
  version: 2.0.2
  resolution: "bail@npm:2.0.2"
  checksum: aab4e8ccdc8d762bf3fdfce8e706601695620c0c2eda256dd85088dc0be3cfd7ff126f6e99c2bee1f24f5d418414aacf09d7f9702f16d6963df2fa488cda8824
  languageName: node
  linkType: hard

"busboy@npm:1.6.0":
  version: 1.6.0
  resolution: "busboy@npm:1.6.0"
  dependencies:
    streamsearch: "npm:^1.1.0"
  checksum: bee10fa10ea58e7e3e7489ffe4bda6eacd540a17de9f9cd21cc37e297b2dd9fe52b2715a5841afaec82900750d810d01d7edb4b2d456427f449b92b417579763
  languageName: node
  linkType: hard

"caniuse-lite@npm:^1.0.30001406":
  version: 1.0.30001542
  resolution: "caniuse-lite@npm:1.0.30001542"
  checksum: 07b14b8341d7bf0ea386a5fa5b5edbee41d81dfc072d3d11db22dd1d7a929358f522b16fdf3cbd154c8a5cae84662578cf5c9e490e7d7606ee7d156ccf07c9fa
  languageName: node
  linkType: hard

"ccount@npm:^2.0.0":
  version: 2.0.1
  resolution: "ccount@npm:2.0.1"
  checksum: 48193dada54c9e260e0acf57fc16171a225305548f9ad20d5471e0f7a8c026aedd8747091dccb0d900cde7df4e4ddbd235df0d8de4a64c71b12f0d3303eeafd4
  languageName: node
  linkType: hard

"character-entities-html4@npm:^2.0.0":
  version: 2.1.0
  resolution: "character-entities-html4@npm:2.1.0"
  checksum: 7034aa7c7fa90309667f6dd50499c8a760c3d3a6fb159adb4e0bada0107d194551cdbad0714302f62d06ce4ed68565c8c2e15fdef2e8f8764eb63fa92b34b11d
  languageName: node
  linkType: hard

"character-entities-legacy@npm:^3.0.0":
  version: 3.0.0
  resolution: "character-entities-legacy@npm:3.0.0"
  checksum: 7582af055cb488b626d364b7d7a4e46b06abd526fb63c0e4eb35bcb9c9799cc4f76b39f34fdccef2d1174ac95e53e9ab355aae83227c1a2505877893fce77731
  languageName: node
  linkType: hard

"character-entities@npm:^2.0.0":
  version: 2.0.2
  resolution: "character-entities@npm:2.0.2"
  checksum: c8dd1f4bf1a92fccf7d2fad9673660a88b37854557d30f6076c32fedfb92d1420208298829ff1d3b6b4fa1c7012e8326c45e7f5c3ed1e9a09ec177593c521b2f
  languageName: node
  linkType: hard

"classnames@npm:^2.3.2":
  version: 2.3.2
  resolution: "classnames@npm:2.3.2"
  checksum: ba3151c12e8b6a84c64b340ab4259ad0408947652009314462d828e94631505989c6a7d7e796bec1d309be9295d3111b498ad18a9d533fe3e6f859e51e574cbb
  languageName: node
  linkType: hard

"client-only@npm:0.0.1":
  version: 0.0.1
  resolution: "client-only@npm:0.0.1"
  checksum: 0c16bf660dadb90610553c1d8946a7fdfb81d624adea073b8440b7d795d5b5b08beb3c950c6a2cf16279365a3265158a236876d92bce16423c485c322d7dfaf8
  languageName: node
  linkType: hard

"comma-separated-tokens@npm:^2.0.0":
  version: 2.0.3
  resolution: "comma-separated-tokens@npm:2.0.3"
  checksum: e3bf9e0332a5c45f49b90e79bcdb4a7a85f28d6a6f0876a94f1bb9b2bfbdbbb9292aac50e1e742d8c0db1e62a0229a106f57917e2d067fca951d81737651700d
  languageName: node
  linkType: hard

"csstype@npm:^3.0.2":
  version: 3.1.2
  resolution: "csstype@npm:3.1.2"
  checksum: 1f39c541e9acd9562996d88bc9fb62d1cb234786ef11ed275567d4b2bd82e1ceacde25debc8de3d3b4871ae02c2933fa02614004c97190711caebad6347debc2
  languageName: node
  linkType: hard

"debug@npm:^4.0.0":
  version: 4.3.4
  resolution: "debug@npm:4.3.4"
  dependencies:
    ms: "npm:2.1.2"
  peerDependenciesMeta:
    supports-color:
      optional: true
  checksum: 0073c3bcbd9cb7d71dd5f6b55be8701af42df3e56e911186dfa46fac3a5b9eb7ce7f377dd1d3be6db8977221f8eb333d945216f645cf56f6b688cd484837d255
  languageName: node
  linkType: hard

"decode-named-character-reference@npm:^1.0.0":
  version: 1.0.2
  resolution: "decode-named-character-reference@npm:1.0.2"
  dependencies:
    character-entities: "npm:^2.0.0"
  checksum: f4c71d3b93105f20076052f9cb1523a22a9c796b8296cd35eef1ca54239c78d182c136a848b83ff8da2071e3ae2b1d300bf29d00650a6d6e675438cc31b11d78
  languageName: node
  linkType: hard

"dequal@npm:^2.0.0":
  version: 2.0.3
  resolution: "dequal@npm:2.0.3"
  checksum: 6ff05a7561f33603df87c45e389c9ac0a95e3c056be3da1a0c4702149e3a7f6fe5ffbb294478687ba51a9e95f3a60e8b6b9005993acd79c292c7d15f71964b6b
  languageName: node
  linkType: hard

"devlop@npm:^1.0.0":
  version: 1.1.0
  resolution: "devlop@npm:1.1.0"
  dependencies:
    dequal: "npm:^2.0.0"
  checksum: 3cc5f903d02d279d6dc4aa71ab6ed9898b9f4d1f861cc5421ce7357893c21b9520de78afb203c92bd650a6977ad0ca98195453a0707a39958cf5fea3b0a8ddd8
  languageName: node
  linkType: hard

"entities@npm:^4.4.0":
  version: 4.5.0
  resolution: "entities@npm:4.5.0"
  checksum: ede2a35c9bce1aeccd055a1b445d41c75a14a2bb1cd22e242f20cf04d236cdcd7f9c859eb83f76885327bfae0c25bf03303665ee1ce3d47c5927b98b0e3e3d48
  languageName: node
  linkType: hard

"esprima@npm:^4.0.0":
  version: 4.0.1
  resolution: "esprima@npm:4.0.1"
  bin:
    esparse: ./bin/esparse.js
    esvalidate: ./bin/esvalidate.js
  checksum: f1d3c622ad992421362294f7acf866aa9409fbad4eb2e8fa230bd33944ce371d32279667b242d8b8907ec2b6ad7353a717f3c0e60e748873a34a7905174bc0eb
  languageName: node
  linkType: hard

"extend-shallow@npm:^2.0.1":
  version: 2.0.1
  resolution: "extend-shallow@npm:2.0.1"
  dependencies:
    is-extendable: "npm:^0.1.0"
  checksum: 8fb58d9d7a511f4baf78d383e637bd7d2e80843bd9cd0853649108ea835208fb614da502a553acc30208e1325240bb7cc4a68473021612496bb89725483656d8
  languageName: node
  linkType: hard

"extend@npm:^3.0.0":
  version: 3.0.2
  resolution: "extend@npm:3.0.2"
  checksum: 59e89e2dc798ec0f54b36d82f32a27d5f6472c53974f61ca098db5d4648430b725387b53449a34df38fd0392045434426b012f302b3cc049a6500ccf82877e4e
  languageName: node
  linkType: hard

"glob-to-regexp@npm:^0.4.1":
  version: 0.4.1
  resolution: "glob-to-regexp@npm:0.4.1"
  checksum: 9009529195a955c40d7b9690794aeff5ba665cc38f1519e111c58bb54366fd0c106bde80acf97ba4e533208eb53422c83b136611a54c5fefb1edd8dc267cb62e
  languageName: node
  linkType: hard

"graceful-fs@npm:^4.1.2":
  version: 4.2.11
  resolution: "graceful-fs@npm:4.2.11"
  checksum: bf152d0ed1dc159239db1ba1f74fdbc40cb02f626770dcd5815c427ce0688c2635a06ed69af364396da4636d0408fcf7d4afdf7881724c3307e46aff30ca49e2
  languageName: node
  linkType: hard

"gray-matter@npm:^4.0.3":
  version: 4.0.3
  resolution: "gray-matter@npm:4.0.3"
  dependencies:
    js-yaml: "npm:^3.13.1"
    kind-of: "npm:^6.0.2"
    section-matter: "npm:^1.0.0"
    strip-bom-string: "npm:^1.0.0"
  checksum: 9a8f146a7a918d2524d5d60e0b4d45729f5bca54aa41247f971d9e4bc984943fda58159435763d463ec2abc8a0e238e807bd9b05e3a48f4a613a325c9dd5ad0c
  languageName: node
  linkType: hard

"hast-util-from-parse5@npm:^8.0.0":
  version: 8.0.1
  resolution: "hast-util-from-parse5@npm:8.0.1"
  dependencies:
    "@types/hast": "npm:^3.0.0"
    "@types/unist": "npm:^3.0.0"
    devlop: "npm:^1.0.0"
    hastscript: "npm:^8.0.0"
    property-information: "npm:^6.0.0"
    vfile: "npm:^6.0.0"
    vfile-location: "npm:^5.0.0"
    web-namespaces: "npm:^2.0.0"
  checksum: d4105af849bebceac0a641a5f4611a43eeb4b94f9d3958ce6cbbb069dd177edefb9cd31a210689bc9cca9a30db984d622bdf898aed44a2ea99560d81023b0e2d
  languageName: node
  linkType: hard

"hast-util-parse-selector@npm:^4.0.0":
  version: 4.0.0
  resolution: "hast-util-parse-selector@npm:4.0.0"
  dependencies:
    "@types/hast": "npm:^3.0.0"
  checksum: 76087670d3b0b50b23a6cb70bca53a6176d6608307ccdbb3ed18b650b82e7c3513bfc40348f1389dc0c5ae872b9a768851f4335f44654abd7deafd6974c52402
  languageName: node
  linkType: hard

"hast-util-raw@npm:^9.0.0":
  version: 9.0.1
  resolution: "hast-util-raw@npm:9.0.1"
  dependencies:
    "@types/hast": "npm:^3.0.0"
    "@types/unist": "npm:^3.0.0"
    "@ungap/structured-clone": "npm:^1.0.0"
    hast-util-from-parse5: "npm:^8.0.0"
    hast-util-to-parse5: "npm:^8.0.0"
    html-void-elements: "npm:^3.0.0"
    mdast-util-to-hast: "npm:^13.0.0"
    parse5: "npm:^7.0.0"
    unist-util-position: "npm:^5.0.0"
    unist-util-visit: "npm:^5.0.0"
    vfile: "npm:^6.0.0"
    web-namespaces: "npm:^2.0.0"
    zwitch: "npm:^2.0.0"
  checksum: b89a198ec3a3786cef08beac500d27f948124d0f2795e079f775f16c38506719157b9b5cc9a0c781c705b6eff7f66d692f55f0aa5e88530d4ba81e21ca653248
  languageName: node
  linkType: hard

"hast-util-sanitize@npm:^5.0.0":
  version: 5.0.0
  resolution: "hast-util-sanitize@npm:5.0.0"
  dependencies:
    "@types/hast": "npm:^3.0.0"
    "@ungap/structured-clone": "npm:^1.2.0"
    unist-util-position: "npm:^5.0.0"
  checksum: 7213fffd8c3cca04d7e0bde7ebf5b8d366a798e749adf97305d8ffba6c8644eaeaad1390fea6bcd72f8c71fede64ad100fdb9fd9592465c4d69d1839f53a2ddf
  languageName: node
  linkType: hard

"hast-util-to-html@npm:^9.0.0":
  version: 9.0.0
  resolution: "hast-util-to-html@npm:9.0.0"
  dependencies:
    "@types/hast": "npm:^3.0.0"
    "@types/unist": "npm:^3.0.0"
    ccount: "npm:^2.0.0"
    comma-separated-tokens: "npm:^2.0.0"
    hast-util-raw: "npm:^9.0.0"
    hast-util-whitespace: "npm:^3.0.0"
    html-void-elements: "npm:^3.0.0"
    mdast-util-to-hast: "npm:^13.0.0"
    property-information: "npm:^6.0.0"
    space-separated-tokens: "npm:^2.0.0"
    stringify-entities: "npm:^4.0.0"
    zwitch: "npm:^2.0.4"
  checksum: 4bfa78b681135b9303743b34d7139328ff5dc412a1f6bd372e83192413fd86a5d7e8d55eab4eeb2cd561878218eec07a57df1f92cf0f3272756830738611708a
  languageName: node
  linkType: hard

"hast-util-to-parse5@npm:^8.0.0":
  version: 8.0.0
  resolution: "hast-util-to-parse5@npm:8.0.0"
  dependencies:
    "@types/hast": "npm:^3.0.0"
    comma-separated-tokens: "npm:^2.0.0"
    devlop: "npm:^1.0.0"
    property-information: "npm:^6.0.0"
    space-separated-tokens: "npm:^2.0.0"
    web-namespaces: "npm:^2.0.0"
    zwitch: "npm:^2.0.0"
  checksum: ba59d0913ba7e914d8b0a50955c06806a6868445c56796ac9129d58185e86d7ff24037246767aba2ea904d9dee8c09b8ff303630bcd854431fdc1bbee2164c36
  languageName: node
  linkType: hard

"hast-util-whitespace@npm:^3.0.0":
  version: 3.0.0
  resolution: "hast-util-whitespace@npm:3.0.0"
  dependencies:
    "@types/hast": "npm:^3.0.0"
  checksum: 8c7e9eeb8131fc18702f3a42623eb6b0b09d470347aa8badacac70e6d91f79657ab8c6b57c4c6fee3658cff405fac30e816d1cdfb3ed1fbf6045d0a4555cf4d4
  languageName: node
  linkType: hard

"hastscript@npm:^8.0.0":
  version: 8.0.0
  resolution: "hastscript@npm:8.0.0"
  dependencies:
    "@types/hast": "npm:^3.0.0"
    comma-separated-tokens: "npm:^2.0.0"
    hast-util-parse-selector: "npm:^4.0.0"
    property-information: "npm:^6.0.0"
    space-separated-tokens: "npm:^2.0.0"
  checksum: cdc3477968ee0161c39615a650203e592d03bbd9a2a0e1d78d37f544fcf8c30f55fcf9e6d27c4372a89fdebeae756452f19c7f5b655a162d54524b39b2dfe0fe
  languageName: node
  linkType: hard

"html-void-elements@npm:^3.0.0":
  version: 3.0.0
  resolution: "html-void-elements@npm:3.0.0"
  checksum: 59be397525465a7489028afa064c55763d9cccd1d7d9f630cca47137317f0e897a9ca26cef7e745e7cff1abc44260cfa407742b243a54261dfacd42230e94fce
  languageName: node
  linkType: hard

"is-extendable@npm:^0.1.0":
  version: 0.1.1
  resolution: "is-extendable@npm:0.1.1"
  checksum: 3875571d20a7563772ecc7a5f36cb03167e9be31ad259041b4a8f73f33f885441f778cee1f1fe0085eb4bc71679b9d8c923690003a36a6a5fdf8023e6e3f0672
  languageName: node
  linkType: hard

"is-plain-obj@npm:^4.0.0":
  version: 4.1.0
  resolution: "is-plain-obj@npm:4.1.0"
  checksum: 6dc45da70d04a81f35c9310971e78a6a3c7a63547ef782e3a07ee3674695081b6ca4e977fbb8efc48dae3375e0b34558d2bcd722aec9bddfa2d7db5b041be8ce
  languageName: node
  linkType: hard

"js-tokens@npm:^3.0.0 || ^4.0.0":
  version: 4.0.0
  resolution: "js-tokens@npm:4.0.0"
  checksum: af37d0d913fb56aec6dc0074c163cc71cd23c0b8aad5c2350747b6721d37ba118af35abdd8b33c47ec2800de07dedb16a527ca9c530ee004093e04958bd0cbf2
  languageName: node
  linkType: hard

"js-yaml@npm:^3.13.1":
  version: 3.14.1
  resolution: "js-yaml@npm:3.14.1"
  dependencies:
    argparse: "npm:^1.0.7"
    esprima: "npm:^4.0.0"
  bin:
    js-yaml: bin/js-yaml.js
  checksum: 9e22d80b4d0105b9899135365f746d47466ed53ef4223c529b3c0f7a39907743fdbd3c4379f94f1106f02755b5e90b2faaf84801a891135544e1ea475d1a1379
  languageName: node
  linkType: hard

"js-yaml@npm:^4.1.0":
  version: 4.1.0
  resolution: "js-yaml@npm:4.1.0"
  dependencies:
    argparse: "npm:^2.0.1"
  bin:
    js-yaml: bin/js-yaml.js
  checksum: c138a34a3fd0d08ebaf71273ad4465569a483b8a639e0b118ff65698d257c2791d3199e3f303631f2cb98213fa7b5f5d6a4621fd0fff819421b990d30d967140
  languageName: node
  linkType: hard

"kind-of@npm:^6.0.0, kind-of@npm:^6.0.2":
  version: 6.0.3
  resolution: "kind-of@npm:6.0.3"
  checksum: 5873d303fb36aad875b7538798867da2ae5c9e328d67194b0162a3659a627d22f742fc9c4ae95cd1704132a24b00cae5041fc00c0f6ef937dc17080dc4dbb962
  languageName: node
  linkType: hard

"longest-streak@npm:^3.0.0":
  version: 3.1.0
  resolution: "longest-streak@npm:3.1.0"
  checksum: d7f952ed004cbdb5c8bcfc4f7f5c3d65449e6c5a9e9be4505a656e3df5a57ee125f284286b4bf8ecea0c21a7b3bf2b8f9001ad506c319b9815ad6a63a47d0fd0
  languageName: node
  linkType: hard

"loose-envify@npm:^1.1.0":
  version: 1.4.0
  resolution: "loose-envify@npm:1.4.0"
  dependencies:
    js-tokens: "npm:^3.0.0 || ^4.0.0"
  bin:
    loose-envify: cli.js
  checksum: 6517e24e0cad87ec9888f500c5b5947032cdfe6ef65e1c1936a0c48a524b81e65542c9c3edc91c97d5bddc806ee2a985dbc79be89215d613b1de5db6d1cfe6f4
  languageName: node
  linkType: hard

"mdast-util-from-markdown@npm:^2.0.0":
  version: 2.0.0
  resolution: "mdast-util-from-markdown@npm:2.0.0"
  dependencies:
    "@types/mdast": "npm:^4.0.0"
    "@types/unist": "npm:^3.0.0"
    decode-named-character-reference: "npm:^1.0.0"
    devlop: "npm:^1.0.0"
    mdast-util-to-string: "npm:^4.0.0"
    micromark: "npm:^4.0.0"
    micromark-util-decode-numeric-character-reference: "npm:^2.0.0"
    micromark-util-decode-string: "npm:^2.0.0"
    micromark-util-normalize-identifier: "npm:^2.0.0"
    micromark-util-symbol: "npm:^2.0.0"
    micromark-util-types: "npm:^2.0.0"
    unist-util-stringify-position: "npm:^4.0.0"
  checksum: 960e28a8ff3d989cc25a615d14e9a1d95d145b938dc08323ce44689be6dd052ece544d2acf5242cedb8ad6ccdc3ffe854989b7c2516c6e62f2fca42b6d11a2da
  languageName: node
  linkType: hard

"mdast-util-phrasing@npm:^4.0.0":
  version: 4.0.0
  resolution: "mdast-util-phrasing@npm:4.0.0"
  dependencies:
    "@types/mdast": "npm:^4.0.0"
    unist-util-is: "npm:^6.0.0"
  checksum: 95d5d8e18d5ea6dbfe2ee4ed1045961372efae9077e5c98e10bfef7025ee3fd9449f9a82840068ff50aa98fa43af0a0a14898ae10b5e46e96edde01e2797df34
  languageName: node
  linkType: hard

"mdast-util-to-hast@npm:^13.0.0":
  version: 13.0.2
  resolution: "mdast-util-to-hast@npm:13.0.2"
  dependencies:
    "@types/hast": "npm:^3.0.0"
    "@types/mdast": "npm:^4.0.0"
    "@ungap/structured-clone": "npm:^1.0.0"
    devlop: "npm:^1.0.0"
    micromark-util-sanitize-uri: "npm:^2.0.0"
    trim-lines: "npm:^3.0.0"
    unist-util-position: "npm:^5.0.0"
    unist-util-visit: "npm:^5.0.0"
  checksum: 6f91926ca59bc1b048a0f82c21ba6355f7352c3793442c43e3f93ac895af0b9f85881b7a461d23aeed0fbe16d695b419106a48075c79e3b6008fef75ca43a571
  languageName: node
  linkType: hard

"mdast-util-to-markdown@npm:^2.0.0":
  version: 2.1.0
  resolution: "mdast-util-to-markdown@npm:2.1.0"
  dependencies:
    "@types/mdast": "npm:^4.0.0"
    "@types/unist": "npm:^3.0.0"
    longest-streak: "npm:^3.0.0"
    mdast-util-phrasing: "npm:^4.0.0"
    mdast-util-to-string: "npm:^4.0.0"
    micromark-util-decode-string: "npm:^2.0.0"
    unist-util-visit: "npm:^5.0.0"
    zwitch: "npm:^2.0.0"
  checksum: 1c66462feab6bf574566d8f20912ccb11d43f6658a93dee068610cd39a5d9377dfb34ea7109c9467d485466300a116e74236b174fcb9fc34f1d16fc3917e0d7c
  languageName: node
  linkType: hard

"mdast-util-to-string@npm:^4.0.0":
  version: 4.0.0
  resolution: "mdast-util-to-string@npm:4.0.0"
  dependencies:
    "@types/mdast": "npm:^4.0.0"
  checksum: f4a5dbb9ea03521d7d3e26a9ba5652a1d6fbd55706dddd2155427517085688830e0ecd3f12418cfd40892640886eb39a4034c3c967d85e01e2fa64cfb53cff05
  languageName: node
  linkType: hard

"micromark-core-commonmark@npm:^2.0.0":
  version: 2.0.0
  resolution: "micromark-core-commonmark@npm:2.0.0"
  dependencies:
    decode-named-character-reference: "npm:^1.0.0"
    devlop: "npm:^1.0.0"
    micromark-factory-destination: "npm:^2.0.0"
    micromark-factory-label: "npm:^2.0.0"
    micromark-factory-space: "npm:^2.0.0"
    micromark-factory-title: "npm:^2.0.0"
    micromark-factory-whitespace: "npm:^2.0.0"
    micromark-util-character: "npm:^2.0.0"
    micromark-util-chunked: "npm:^2.0.0"
    micromark-util-classify-character: "npm:^2.0.0"
    micromark-util-html-tag-name: "npm:^2.0.0"
    micromark-util-normalize-identifier: "npm:^2.0.0"
    micromark-util-resolve-all: "npm:^2.0.0"
    micromark-util-subtokenize: "npm:^2.0.0"
    micromark-util-symbol: "npm:^2.0.0"
    micromark-util-types: "npm:^2.0.0"
  checksum: 67f6e2f062f42a7ae21e8a409f3663843703a830ff27cf0f41cb0fb712c58e55409db428531d8124c4ef8d698cd81e7eb41485d24b8c352d2f0c06b535865367
  languageName: node
  linkType: hard

"micromark-factory-destination@npm:^2.0.0":
  version: 2.0.0
  resolution: "micromark-factory-destination@npm:2.0.0"
  dependencies:
    micromark-util-character: "npm:^2.0.0"
    micromark-util-symbol: "npm:^2.0.0"
    micromark-util-types: "npm:^2.0.0"
  checksum: d36e65ed1c072ff4148b016783148ba7c68a078991154625723e24bda3945160268fb91079fb28618e1613c2b6e70390a8ddc544c45410288aa27b413593071a
  languageName: node
  linkType: hard

"micromark-factory-label@npm:^2.0.0":
  version: 2.0.0
  resolution: "micromark-factory-label@npm:2.0.0"
  dependencies:
    devlop: "npm:^1.0.0"
    micromark-util-character: "npm:^2.0.0"
    micromark-util-symbol: "npm:^2.0.0"
    micromark-util-types: "npm:^2.0.0"
  checksum: c021dbd0ed367610d35f2bae21209bc804d1a6d1286ffce458fd6a717f4d7fe581a7cba7d5c2d7a63757c44eb927c80d6a571d6ea7969fae1b48ab6461d109c4
  languageName: node
  linkType: hard

"micromark-factory-space@npm:^2.0.0":
  version: 2.0.0
  resolution: "micromark-factory-space@npm:2.0.0"
  dependencies:
    micromark-util-character: "npm:^2.0.0"
    micromark-util-types: "npm:^2.0.0"
  checksum: 4ffdcdc2f759887bbb356500cb460b3915ecddcb5d85c3618d7df68ad05d13ed02b1153ee1845677b7d8126df8f388288b84fcf0d943bd9c92bcc71cd7222e37
  languageName: node
  linkType: hard

"micromark-factory-title@npm:^2.0.0":
  version: 2.0.0
  resolution: "micromark-factory-title@npm:2.0.0"
  dependencies:
    micromark-factory-space: "npm:^2.0.0"
    micromark-util-character: "npm:^2.0.0"
    micromark-util-symbol: "npm:^2.0.0"
    micromark-util-types: "npm:^2.0.0"
  checksum: 39e1ac23af3554e6e652e56065579bc7faf21ade7b8704b29c175871b4152b7109b790bb3cae0f7e088381139c6bac9553b8400772c3d322e4fa635f813a3578
  languageName: node
  linkType: hard

"micromark-factory-whitespace@npm:^2.0.0":
  version: 2.0.0
  resolution: "micromark-factory-whitespace@npm:2.0.0"
  dependencies:
    micromark-factory-space: "npm:^2.0.0"
    micromark-util-character: "npm:^2.0.0"
    micromark-util-symbol: "npm:^2.0.0"
    micromark-util-types: "npm:^2.0.0"
  checksum: 9587c2546d1a58b4d5472b42adf05463f6212d0449455285662d63cd8eaed89c6b159ac82713fcee5f9dd88628c24307d9533cccd8971a2f3f4d48702f8f850a
  languageName: node
  linkType: hard

"micromark-util-character@npm:^2.0.0":
  version: 2.0.1
  resolution: "micromark-util-character@npm:2.0.1"
  dependencies:
    micromark-util-symbol: "npm:^2.0.0"
    micromark-util-types: "npm:^2.0.0"
  checksum: 6eb5e58c6ae5f416f71a2b777544d3118fdb04d4fd62ea27f7920d0c58fa56ddd3fe17331fbba7f0c70fa6f90bdf7910e8e951f018f0500f883369d64fd6b925
  languageName: node
  linkType: hard

"micromark-util-chunked@npm:^2.0.0":
  version: 2.0.0
  resolution: "micromark-util-chunked@npm:2.0.0"
  dependencies:
    micromark-util-symbol: "npm:^2.0.0"
  checksum: 324f95cccdae061332a8241936eaba6ef0782a1e355bac5c607ad2564fd3744929be7dc81651315a2921535747a33243e6a5606bcb64b7a56d49b6d74ea1a3d4
  languageName: node
  linkType: hard

"micromark-util-classify-character@npm:^2.0.0":
  version: 2.0.0
  resolution: "micromark-util-classify-character@npm:2.0.0"
  dependencies:
    micromark-util-character: "npm:^2.0.0"
    micromark-util-symbol: "npm:^2.0.0"
    micromark-util-types: "npm:^2.0.0"
  checksum: 086e52904deffebb793fb1c08c94aabb8901f76958142dfc3a6282890ebaa983b285e69bd602b9d507f1b758ed38e75a994d2ad9fbbefa7de2584f67a16af405
  languageName: node
  linkType: hard

"micromark-util-combine-extensions@npm:^2.0.0":
  version: 2.0.0
  resolution: "micromark-util-combine-extensions@npm:2.0.0"
  dependencies:
    micromark-util-chunked: "npm:^2.0.0"
    micromark-util-types: "npm:^2.0.0"
  checksum: 107c47700343f365b4ed81551e18bc3458b573c500e56ac052b2490bd548adc475216e41d2271633a8867fac66fc22ba3e0a2d74a31ed79b9870ca947eb4e3ba
  languageName: node
  linkType: hard

"micromark-util-decode-numeric-character-reference@npm:^2.0.0":
  version: 2.0.0
  resolution: "micromark-util-decode-numeric-character-reference@npm:2.0.0"
  dependencies:
    micromark-util-symbol: "npm:^2.0.0"
  checksum: 705715a2dd6f10d85c69371b4176a0b2fec5811a14f7d26f66f358ac5adebb12975f79597b1a1a184a6dcf6799319f7cf8eb91398e47c1faa2cab2c84f155b78
  languageName: node
  linkType: hard

"micromark-util-decode-string@npm:^2.0.0":
  version: 2.0.0
  resolution: "micromark-util-decode-string@npm:2.0.0"
  dependencies:
    decode-named-character-reference: "npm:^1.0.0"
    micromark-util-character: "npm:^2.0.0"
    micromark-util-decode-numeric-character-reference: "npm:^2.0.0"
    micromark-util-symbol: "npm:^2.0.0"
  checksum: a75daf32a4a6b549e9f19b4d833ebfeb09a32a9a1f9ce50f35dec6b6a3e4f9f121f49024ba7f9c91c55ebe792f7c7a332fc9604795181b6a612637df0df5b959
  languageName: node
  linkType: hard

"micromark-util-encode@npm:^2.0.0":
  version: 2.0.0
  resolution: "micromark-util-encode@npm:2.0.0"
  checksum: 853a3f33fce72aaf4ffa60b7f2b6fcfca40b270b3466e1b96561b02185d2bd8c01dd7948bc31a24ac014f4cc854e545ca9a8e9cf7ea46262f9d24c9e88551c66
  languageName: node
  linkType: hard

"micromark-util-html-tag-name@npm:^2.0.0":
  version: 2.0.0
  resolution: "micromark-util-html-tag-name@npm:2.0.0"
  checksum: d786d4486f93eb0ac5b628779809ca97c5dc60f3c9fc03eb565809831db181cf8cb7f05f9ac76852f3eb35461af0f89fa407b46f3a03f4f97a96754d8dc540d8
  languageName: node
  linkType: hard

"micromark-util-normalize-identifier@npm:^2.0.0":
  version: 2.0.0
  resolution: "micromark-util-normalize-identifier@npm:2.0.0"
  dependencies:
    micromark-util-symbol: "npm:^2.0.0"
  checksum: b36da2d3fd102053dadd953ce5c558328df12a63a8ac0e5aad13d4dda8e43b6a5d4a661baafe0a1cd8a260bead4b4a8e6e0e74193dd651e8484225bd4f4e68aa
  languageName: node
  linkType: hard

"micromark-util-resolve-all@npm:^2.0.0":
  version: 2.0.0
  resolution: "micromark-util-resolve-all@npm:2.0.0"
  dependencies:
    micromark-util-types: "npm:^2.0.0"
  checksum: 31fe703b85572cb3f598ebe32750e59516925c7ff1f66cfe6afaebe0771a395a9eaa770787f2523d3c46082ea80e6c14f83643303740b3d650af7c96ebd30ccc
  languageName: node
  linkType: hard

"micromark-util-sanitize-uri@npm:^2.0.0":
  version: 2.0.0
  resolution: "micromark-util-sanitize-uri@npm:2.0.0"
  dependencies:
    micromark-util-character: "npm:^2.0.0"
    micromark-util-encode: "npm:^2.0.0"
    micromark-util-symbol: "npm:^2.0.0"
  checksum: 7d10622f5a2bb058dda6d2e95b2735c43fdf8daa4f88a0863bc90eef6598f8e10e3df98e034341fcbc090d8021c53501308c463c49d3fe91f41eb64b5bf2766e
  languageName: node
  linkType: hard

"micromark-util-subtokenize@npm:^2.0.0":
  version: 2.0.0
  resolution: "micromark-util-subtokenize@npm:2.0.0"
  dependencies:
    devlop: "npm:^1.0.0"
    micromark-util-chunked: "npm:^2.0.0"
    micromark-util-symbol: "npm:^2.0.0"
    micromark-util-types: "npm:^2.0.0"
  checksum: 4d209894f9400ff73e093a4ce3d13870cd1f546b47e50355f849c4402cecd5d2039bd63bb624f2a09aaeba01a847634088942edb42f141e4869b3a85281cf64e
  languageName: node
  linkType: hard

"micromark-util-symbol@npm:^2.0.0":
  version: 2.0.0
  resolution: "micromark-util-symbol@npm:2.0.0"
  checksum: 8c662644c326b384f02a5269974d843d400930cf6f5d6a8e6db1743fc8933f5ecc125b4203ad4ebca25447f5d23eb7e5bf1f75af34570c3fdd925cb618752fcd
  languageName: node
  linkType: hard

"micromark-util-types@npm:^2.0.0":
  version: 2.0.0
  resolution: "micromark-util-types@npm:2.0.0"
  checksum: b88e0eefd4b7c8d86b54dbf4ed0094ef56a3b0c7774d040bd5c8146b8e4e05b1026bbf1cd9308c8fcd05ecdc0784507680c8cee9888a4d3c550e6e574f7aef62
  languageName: node
  linkType: hard

"micromark@npm:^4.0.0":
  version: 4.0.0
  resolution: "micromark@npm:4.0.0"
  dependencies:
    "@types/debug": "npm:^4.0.0"
    debug: "npm:^4.0.0"
    decode-named-character-reference: "npm:^1.0.0"
    devlop: "npm:^1.0.0"
    micromark-core-commonmark: "npm:^2.0.0"
    micromark-factory-space: "npm:^2.0.0"
    micromark-util-character: "npm:^2.0.0"
    micromark-util-chunked: "npm:^2.0.0"
    micromark-util-combine-extensions: "npm:^2.0.0"
    micromark-util-decode-numeric-character-reference: "npm:^2.0.0"
    micromark-util-encode: "npm:^2.0.0"
    micromark-util-normalize-identifier: "npm:^2.0.0"
    micromark-util-resolve-all: "npm:^2.0.0"
    micromark-util-sanitize-uri: "npm:^2.0.0"
    micromark-util-subtokenize: "npm:^2.0.0"
    micromark-util-symbol: "npm:^2.0.0"
    micromark-util-types: "npm:^2.0.0"
  checksum: a697c1c0c169077f5d5def9af26985baea9d4375395dcb974a96f63761d382b455d4595a60e856c83e653b1272a732e85128d992511d6dc938d61a35bdf98c99
  languageName: node
  linkType: hard

"ms@npm:2.1.2":
  version: 2.1.2
  resolution: "ms@npm:2.1.2"
  checksum: 673cdb2c3133eb050c745908d8ce632ed2c02d85640e2edb3ace856a2266a813b30c613569bf3354fdf4ea7d1a1494add3bfa95e2713baa27d0c2c71fc44f58f
  languageName: node
  linkType: hard

"nanoid@npm:^3.3.6":
  version: 3.3.6
  resolution: "nanoid@npm:3.3.6"
  bin:
    nanoid: bin/nanoid.cjs
  checksum: 67235c39d1bc05851383dadde5cf77ae1c90c2a1d189e845c7f20f646f0488d875ad5f5226bbba072a88cebbb085a3f784a6673117daf785bdf614a852550362
  languageName: node
  linkType: hard

"next-netlify-starter@workspace:.":
  version: 0.0.0-use.local
  resolution: "next-netlify-starter@workspace:."
  dependencies:
    "@types/js-yaml": "npm:^4.0.9"
    "@types/node": "npm:^20.9.1"
    "@types/react": "npm:^18.2.37"
    "@types/react-dom": "npm:^18.2.15"
    classnames: "npm:^2.3.2"
    gray-matter: "npm:^4.0.3"
    js-yaml: "npm:^4.1.0"
    next: "npm:^14.0.3"
    react: "npm:^18.2.0"
    react-dom: "npm:^18.2.0"
    reading-time: "npm:^1.5.0"
    remark: "npm:^15.0.1"
    remark-html: "npm:^16.0.1"
    typanion: "npm:^3.14.0"
    typescript: "npm:^5.2.2"
  languageName: unknown
  linkType: soft

"next@npm:^14.0.3":
  version: 14.0.3
  resolution: "next@npm:14.0.3"
  dependencies:
    "@next/env": "npm:14.0.3"
    "@next/swc-darwin-arm64": "npm:14.0.3"
    "@next/swc-darwin-x64": "npm:14.0.3"
    "@next/swc-linux-arm64-gnu": "npm:14.0.3"
    "@next/swc-linux-arm64-musl": "npm:14.0.3"
    "@next/swc-linux-x64-gnu": "npm:14.0.3"
    "@next/swc-linux-x64-musl": "npm:14.0.3"
    "@next/swc-win32-arm64-msvc": "npm:14.0.3"
    "@next/swc-win32-ia32-msvc": "npm:14.0.3"
    "@next/swc-win32-x64-msvc": "npm:14.0.3"
    "@swc/helpers": "npm:0.5.2"
    busboy: "npm:1.6.0"
    caniuse-lite: "npm:^1.0.30001406"
    postcss: "npm:8.4.31"
    styled-jsx: "npm:5.1.1"
    watchpack: "npm:2.4.0"
  peerDependencies:
    "@opentelemetry/api": ^1.1.0
    react: ^18.2.0
    react-dom: ^18.2.0
    sass: ^1.3.0
  dependenciesMeta:
    "@next/swc-darwin-arm64":
      optional: true
    "@next/swc-darwin-x64":
      optional: true
    "@next/swc-linux-arm64-gnu":
      optional: true
    "@next/swc-linux-arm64-musl":
      optional: true
    "@next/swc-linux-x64-gnu":
      optional: true
    "@next/swc-linux-x64-musl":
      optional: true
    "@next/swc-win32-arm64-msvc":
      optional: true
    "@next/swc-win32-ia32-msvc":
      optional: true
    "@next/swc-win32-x64-msvc":
      optional: true
  peerDependenciesMeta:
    "@opentelemetry/api":
      optional: true
    sass:
      optional: true
  bin:
    next: dist/bin/next
  checksum: 35e2db89599a163fa544fbc4c04e8387a58fb295870b3330c56b4598235a254d08863d5026b36bc268b69ecc6b708ae0385a083669cf10b3344373ed7e968792
  languageName: node
  linkType: hard

"parse5@npm:^7.0.0":
  version: 7.1.2
  resolution: "parse5@npm:7.1.2"
  dependencies:
    entities: "npm:^4.4.0"
  checksum: 3c86806bb0fb1e9a999ff3a4c883b1ca243d99f45a619a0898dbf021a95a0189ed955c31b07fe49d342b54e814f33f2c9d7489198e8630dacd5477d413ec5782
  languageName: node
  linkType: hard

"picocolors@npm:^1.0.0":
  version: 1.0.0
  resolution: "picocolors@npm:1.0.0"
  checksum: a2e8092dd86c8396bdba9f2b5481032848525b3dc295ce9b57896f931e63fc16f79805144321f72976383fc249584672a75cc18d6777c6b757603f372f745981
  languageName: node
  linkType: hard

"postcss@npm:8.4.31":
  version: 8.4.31
  resolution: "postcss@npm:8.4.31"
  dependencies:
    nanoid: "npm:^3.3.6"
    picocolors: "npm:^1.0.0"
    source-map-js: "npm:^1.0.2"
  checksum: 1a6653e72105907377f9d4f2cd341d8d90e3fde823a5ddea1e2237aaa56933ea07853f0f2758c28892a1d70c53bbaca200eb8b80f8ed55f13093003dbec5afa0
  languageName: node
  linkType: hard

"property-information@npm:^6.0.0":
  version: 6.3.0
  resolution: "property-information@npm:6.3.0"
  checksum: d6956e414e385b42018cfce382e5a0fa16782e1f6268ec3f33171b1540fed8bfdfc3710a4877baceebca646282fdf403cad80830c3877883bd1c71b4a5f62a4c
  languageName: node
  linkType: hard

"react-dom@npm:^18.2.0":
  version: 18.2.0
  resolution: "react-dom@npm:18.2.0"
  dependencies:
    loose-envify: "npm:^1.1.0"
    scheduler: "npm:^0.23.0"
  peerDependencies:
    react: ^18.2.0
  checksum: ca5e7762ec8c17a472a3605b6f111895c9f87ac7d43a610ab7024f68cd833d08eda0625ce02ec7178cc1f3c957cf0b9273cdc17aa2cd02da87544331c43b1d21
  languageName: node
  linkType: hard

"react@npm:^18.2.0":
  version: 18.2.0
  resolution: "react@npm:18.2.0"
  dependencies:
    loose-envify: "npm:^1.1.0"
  checksum: b9214a9bd79e99d08de55f8bef2b7fc8c39630be97c4e29d7be173d14a9a10670b5325e94485f74cd8bff4966ef3c78ee53c79a7b0b9b70cba20aa8973acc694
  languageName: node
  linkType: hard

"reading-time@npm:^1.5.0":
  version: 1.5.0
  resolution: "reading-time@npm:1.5.0"
  checksum: d52921d2563693f34e71ecc6ec97bd48ec960c44dff04384e56c47ee68cfa36749acbcaeec4d0cd1d18113e53ae67825bb067ea63ba1f86107e289573e5f584f
  languageName: node
  linkType: hard

"remark-html@npm:^16.0.1":
  version: 16.0.1
  resolution: "remark-html@npm:16.0.1"
  dependencies:
    "@types/mdast": "npm:^4.0.0"
    hast-util-sanitize: "npm:^5.0.0"
    hast-util-to-html: "npm:^9.0.0"
    mdast-util-to-hast: "npm:^13.0.0"
    unified: "npm:^11.0.0"
  checksum: eeae58299929d506b770db6e461f57e551f5502f33b6ae64bd770ab3b1d6ece5c7fe45b254636ff12e5bb2006f4e713dfa8084752e0fa627c79e7decea8a91cc
  languageName: node
  linkType: hard

"remark-parse@npm:^11.0.0":
  version: 11.0.0
  resolution: "remark-parse@npm:11.0.0"
  dependencies:
    "@types/mdast": "npm:^4.0.0"
    mdast-util-from-markdown: "npm:^2.0.0"
    micromark-util-types: "npm:^2.0.0"
    unified: "npm:^11.0.0"
  checksum: 59d584be56ebc7c05524989c4ed86eb8a7b6e361942b705ca13a37349f60740a6073aedf7783af46ce920d09dd156148942d5e33e8be3dbcd47f818cb4bc410c
  languageName: node
  linkType: hard

"remark-stringify@npm:^11.0.0":
  version: 11.0.0
  resolution: "remark-stringify@npm:11.0.0"
  dependencies:
    "@types/mdast": "npm:^4.0.0"
    mdast-util-to-markdown: "npm:^2.0.0"
    unified: "npm:^11.0.0"
  checksum: 32b2f6093ba08e713183629b37e633e0999b6981560eec41f04fe957f76fc6f56dcc14c87c6b45419863be844c6f1130eb2dc055085fc0adc0775b1df7340348
  languageName: node
  linkType: hard

"remark@npm:^15.0.1":
  version: 15.0.1
  resolution: "remark@npm:15.0.1"
  dependencies:
    "@types/mdast": "npm:^4.0.0"
    remark-parse: "npm:^11.0.0"
    remark-stringify: "npm:^11.0.0"
    unified: "npm:^11.0.0"
  checksum: 671eae3a4482377373cbbae956e2dbc0f8c40df1c3e5e2e1e82efa248b310ef5989340e1a5a8ebe94ff14fcf9c72612f40a29d002ffc0a465e3d6d50de973839
  languageName: node
  linkType: hard

"scheduler@npm:^0.23.0":
  version: 0.23.0
  resolution: "scheduler@npm:0.23.0"
  dependencies:
    loose-envify: "npm:^1.1.0"
  checksum: 0c4557aa37bafca44ff21dc0ea7c92e2dbcb298bc62eae92b29a39b029134f02fb23917d6ebc8b1fa536b4184934314c20d8864d156a9f6357f3398aaf7bfda8
  languageName: node
  linkType: hard

"section-matter@npm:^1.0.0":
  version: 1.0.0
  resolution: "section-matter@npm:1.0.0"
  dependencies:
    extend-shallow: "npm:^2.0.1"
    kind-of: "npm:^6.0.0"
  checksum: cedfda3a9238f66942d92531fe043dd134702a462cdc9e254cd6aa418c66ca0d229900e4da78ffd1a07051e7b239251c4dc4748e9d1c76bf41a37bff7a478556
  languageName: node
  linkType: hard

"source-map-js@npm:^1.0.2":
  version: 1.0.2
  resolution: "source-map-js@npm:1.0.2"
  checksum: 38e2d2dd18d2e331522001fc51b54127ef4a5d473f53b1349c5cca2123562400e0986648b52e9407e348eaaed53bce49248b6e2641e6d793ca57cb2c360d6d51
  languageName: node
  linkType: hard

"space-separated-tokens@npm:^2.0.0":
  version: 2.0.2
  resolution: "space-separated-tokens@npm:2.0.2"
  checksum: 202e97d7ca1ba0758a0aa4fe226ff98142073bcceeff2da3aad037968878552c3bbce3b3231970025375bbba5aee00c5b8206eda408da837ab2dc9c0f26be990
  languageName: node
  linkType: hard

"sprintf-js@npm:~1.0.2":
  version: 1.0.3
  resolution: "sprintf-js@npm:1.0.3"
  checksum: c34828732ab8509c2741e5fd1af6b767c3daf2c642f267788f933a65b1614943c282e74c4284f4fa749c264b18ee016a0d37a3e5b73aee446da46277d3a85daa
  languageName: node
  linkType: hard

"streamsearch@npm:^1.1.0":
  version: 1.1.0
  resolution: "streamsearch@npm:1.1.0"
  checksum: 612c2b2a7dbcc859f74597112f80a42cbe4d448d03da790d5b7b39673c1197dd3789e91cd67210353e58857395d32c1e955a9041c4e6d5bae723436b3ed9ed14
  languageName: node
  linkType: hard

"stringify-entities@npm:^4.0.0":
  version: 4.0.3
  resolution: "stringify-entities@npm:4.0.3"
  dependencies:
    character-entities-html4: "npm:^2.0.0"
    character-entities-legacy: "npm:^3.0.0"
  checksum: 3dc827fbcc9b5feb252d942a21caca89297272d857260448174ca264018726308b48e02ad492f89a2b5faebf7241be56f5a4d9cbf050cfaf5db607d6e5ceb9e7
  languageName: node
  linkType: hard

"strip-bom-string@npm:^1.0.0":
  version: 1.0.0
  resolution: "strip-bom-string@npm:1.0.0"
  checksum: 5635a3656d8512a2c194d6c8d5dee7ef0dde6802f7be9413b91e201981ad4132506656d9cf14137f019fd50f0269390d91c7f6a2601b1bee039a4859cfce4934
  languageName: node
  linkType: hard

"styled-jsx@npm:5.1.1":
  version: 5.1.1
  resolution: "styled-jsx@npm:5.1.1"
  dependencies:
    client-only: "npm:0.0.1"
  peerDependencies:
    react: ">= 16.8.0 || 17.x.x || ^18.0.0-0"
  peerDependenciesMeta:
    "@babel/core":
      optional: true
    babel-plugin-macros:
      optional: true
  checksum: 4f6a5d0010770fdeea1183d919d528fd46c484e23c0535ef3e1dd49488116f639c594f3bd4440e3bc8a8686c9f8d53c5761599870ff039ede11a5c3bfe08a4be
  languageName: node
  linkType: hard

"trim-lines@npm:^3.0.0":
  version: 3.0.1
  resolution: "trim-lines@npm:3.0.1"
  checksum: 7a1325e4ce8ff7e9e52007600e9c9862a166d0db1f1cf0c9357e359e410acab1278fcd91cc279dfa5123fc37b69f080de02f471e91dbbc61b155b9ca92597929
  languageName: node
  linkType: hard

"trough@npm:^2.0.0":
  version: 2.1.0
  resolution: "trough@npm:2.1.0"
  checksum: 6ca8a545d0080ce40c3d0e1e44cf9aa0484a272a91f3a5a02ac433bf1e3ed16983d39da0a77a96467237f7f983cfbf19abc5ab1994c27cde9417e21a2aec76cc
  languageName: node
  linkType: hard

"tslib@npm:^2.4.0":
  version: 2.6.2
  resolution: "tslib@npm:2.6.2"
  checksum: bd26c22d36736513980091a1e356378e8b662ded04204453d353a7f34a4c21ed0afc59b5f90719d4ba756e581a162ecbf93118dc9c6be5acf70aa309188166ca
  languageName: node
  linkType: hard

"typanion@npm:^3.14.0":
  version: 3.14.0
  resolution: "typanion@npm:3.14.0"
  checksum: 5e88d9e6121ff0ec543f572152fdd1b70e9cca35406d79013ec8e08defa8ef96de5fec9e98da3afbd1eb4426b9e8e8fe423163d0b482e34a40103cab1ef29abd
  languageName: node
  linkType: hard

"typescript@npm:^5.2.2":
  version: 5.2.2
  resolution: "typescript@npm:5.2.2"
  bin:
    tsc: bin/tsc
    tsserver: bin/tsserver
  checksum: d65e50eb849bd21ff8677e5b9447f9c6e74777e346afd67754934264dcbf4bd59e7d2473f6062d9a015d66bd573311166357e3eb07fea0b52859cf9bb2b58555
  languageName: node
  linkType: hard

"typescript@patch:typescript@npm%3A^5.2.2#optional!builtin<compat/typescript>":
  version: 5.2.2
  resolution: "typescript@patch:typescript@npm%3A5.2.2#optional!builtin<compat/typescript>::version=5.2.2&hash=f3b441"
  bin:
    tsc: bin/tsc
    tsserver: bin/tsserver
  checksum: f79cc2ba802c94c2b78dbb00d767a10adb67368ae764709737dc277273ec148aa4558033a03ce901406b35fddf4eac46dabc94a1e1d12d2587e2b9cfe5707b4a
  languageName: node
  linkType: hard

"undici-types@npm:~5.26.4":
  version: 5.26.5
  resolution: "undici-types@npm:5.26.5"
  checksum: 0097779d94bc0fd26f0418b3a05472410408877279141ded2bd449167be1aed7ea5b76f756562cb3586a07f251b90799bab22d9019ceba49c037c76445f7cddd
  languageName: node
  linkType: hard

"unified@npm:^11.0.0":
  version: 11.0.3
  resolution: "unified@npm:11.0.3"
  dependencies:
    "@types/unist": "npm:^3.0.0"
    bail: "npm:^2.0.0"
    devlop: "npm:^1.0.0"
    extend: "npm:^3.0.0"
    is-plain-obj: "npm:^4.0.0"
    trough: "npm:^2.0.0"
    vfile: "npm:^6.0.0"
  checksum: a8483c7c43b2634929d9f3c84e70a444caef8908618616644fa81361f01ada8c8e1aef60001637c1909aa2332bc78dfda77460457f31650dc78acdc049f1fdae
  languageName: node
  linkType: hard

"unist-util-is@npm:^6.0.0":
  version: 6.0.0
  resolution: "unist-util-is@npm:6.0.0"
  dependencies:
    "@types/unist": "npm:^3.0.0"
  checksum: edd6a93fb2255addf4b9eeb304c1da63c62179aef793169dd64ab955cf2f6814885fe25f95f8105893e3562dead348af535718d7a84333826e0491c04bf42511
  languageName: node
  linkType: hard

"unist-util-position@npm:^5.0.0":
  version: 5.0.0
  resolution: "unist-util-position@npm:5.0.0"
  dependencies:
    "@types/unist": "npm:^3.0.0"
  checksum: 89d4da00e74618d7562ac7ac288961df9bcd4ccca6df3b5a90650f018eceb6b95de6e771e88bdbef46cc9d96861d456abe57b7ad1108921e0feb67c6292aa29d
  languageName: node
  linkType: hard

"unist-util-stringify-position@npm:^4.0.0":
  version: 4.0.0
  resolution: "unist-util-stringify-position@npm:4.0.0"
  dependencies:
    "@types/unist": "npm:^3.0.0"
  checksum: d15c88aca7a31902d95d5b5355bbe09583cf6f6ff6e59e134ef76c76d3c30bc1021f2d7ea5b7897c6d0858ed5f3770c1b19de9c78274f50d72f95a0d05f1af71
  languageName: node
  linkType: hard

"unist-util-visit-parents@npm:^6.0.0":
  version: 6.0.1
  resolution: "unist-util-visit-parents@npm:6.0.1"
  dependencies:
    "@types/unist": "npm:^3.0.0"
    unist-util-is: "npm:^6.0.0"
  checksum: 645b3cbc5e923bc692b1eb1a9ca17bffc5aabc25e6090ff3f1489bff8effd1890b28f7a09dc853cb6a7fa0da8581bfebc9b670a68b53c4c086cb9610dfd37701
  languageName: node
  linkType: hard

"unist-util-visit@npm:^5.0.0":
  version: 5.0.0
  resolution: "unist-util-visit@npm:5.0.0"
  dependencies:
    "@types/unist": "npm:^3.0.0"
    unist-util-is: "npm:^6.0.0"
    unist-util-visit-parents: "npm:^6.0.0"
  checksum: f2bbde23641e9ade7640358c06ddeec0f38342322eb8e7819d9ee380b0f859d25d084dde22bf63db0280b3b2f36575f15aa1d6c23acf276c91c2493cf799e3b0
  languageName: node
  linkType: hard

"vfile-location@npm:^5.0.0":
  version: 5.0.2
  resolution: "vfile-location@npm:5.0.2"
  dependencies:
    "@types/unist": "npm:^3.0.0"
    vfile: "npm:^6.0.0"
  checksum: b61c048cedad3555b4f007f390412c6503f58a6a130b58badf4ee340c87e0d7421e9c86bbc1494c57dedfccadb60f5176cc60ba3098209d99fb3a3d8804e4c38
  languageName: node
  linkType: hard

"vfile-message@npm:^4.0.0":
  version: 4.0.2
  resolution: "vfile-message@npm:4.0.2"
  dependencies:
    "@types/unist": "npm:^3.0.0"
    unist-util-stringify-position: "npm:^4.0.0"
  checksum: 1a5a72bf4945a7103750a3001bd979088ce42f6a01efa8590e68b2425e1afc61ddc5c76f2d3c4a7053b40332b24c09982b68743223e99281158fe727135719fc
  languageName: node
  linkType: hard

"vfile@npm:^6.0.0":
  version: 6.0.1
  resolution: "vfile@npm:6.0.1"
  dependencies:
    "@types/unist": "npm:^3.0.0"
    unist-util-stringify-position: "npm:^4.0.0"
    vfile-message: "npm:^4.0.0"
  checksum: 7f8412f9ce7709d3be4041fd68a159e2cf96f9c9a4f095bcb18d1561009757b8efb37b71d0ae087e5202fe0e3b3162aae0adf92e30e2448a45645912c23c4ab2
  languageName: node
  linkType: hard

"watchpack@npm:2.4.0":
  version: 2.4.0
  resolution: "watchpack@npm:2.4.0"
  dependencies:
    glob-to-regexp: "npm:^0.4.1"
    graceful-fs: "npm:^4.1.2"
  checksum: 4280b45bc4b5d45d5579113f2a4af93b67ae1b9607cc3d86ae41cdd53ead10db5d9dc3237f24256d05ef88b28c69a02712f78e434cb7ecc8edaca134a56e8cab
  languageName: node
  linkType: hard

"web-namespaces@npm:^2.0.0":
  version: 2.0.1
  resolution: "web-namespaces@npm:2.0.1"
  checksum: b6d9f02f1a43d0ef0848a812d89c83801d5bbad57d8bb61f02eb6d7eb794c3736f6cc2e1191664bb26136594c8218ac609f4069722c6f56d9fc2d808fa9271c6
  languageName: node
  linkType: hard

"zwitch@npm:^2.0.0, zwitch@npm:^2.0.4":
  version: 2.0.4
  resolution: "zwitch@npm:2.0.4"
  checksum: f22ec5fc2d5f02c423c93d35cdfa83573a3a3bd98c66b927c368ea4d0e7252a500df2a90a6b45522be536a96a73404393c958e945fdba95e6832c200791702b6
  languageName: node
  linkType: hard
